
Microsoft Visual Studio Solution File, Format Version 12.00
# Visual Studio Version 17
VisualStudioVersion = 17.5.33516.290
MinimumVisualStudioVersion = 10.0.40219.1
Project("{FAE04EC0-301F-11D3-BF4B-00C04F79EFBC}") = "LeetCode.Solutions", "LeetCode.Solutions\LeetCode.Solutions.csproj", "{9881BA9C-B97C-45F0-8EE8-701579D20ADA}"
EndProject
Project("{FAE04EC0-301F-11D3-BF4B-00C04F79EFBC}") = "LeetCode.Execution", "LeetCode.Execution\LeetCode.Execution.csproj", "{E11360B8-474C-429E-A8A2-3512C07A23CE}"
EndProject
Global
	GlobalSection(SolutionConfigurationPlatforms) = preSolution
		Debug|Any CPU = Debug|Any CPU
		Release|Any CPU = Release|Any CPU
	EndGlobalSection
	GlobalSection(ProjectConfigurationPlatforms) = postSolution
		{9881BA9C-B97C-45F0-8EE8-701579D20ADA}.Debug|Any CPU.ActiveCfg = Debug|Any CPU
		{9881BA9C-B97C-45F0-8EE8-701579D20ADA}.Debug|Any CPU.Build.0 = Debug|Any CPU
		{9881BA9C-B97C-45F0-8EE8-701579D20ADA}.Release|Any CPU.ActiveCfg = Release|Any CPU
		{9881BA9C-B97C-45F0-8EE8-701579D20ADA}.Release|Any CPU.Build.0 = Release|Any CPU
		{E11360B8-474C-429E-A8A2-3512C07A23CE}.Debug|Any CPU.ActiveCfg = Debug|Any CPU
		{E11360B8-474C-429E-A8A2-3512C07A23CE}.Debug|Any CPU.Build.0 = Debug|Any CPU
		{E11360B8-474C-429E-A8A2-3512C07A23CE}.Release|Any CPU.ActiveCfg = Release|Any CPU
		{E11360B8-474C-429E-A8A2-3512C07A23CE}.Release|Any CPU.Build.0 = Release|Any CPU
	EndGlobalSection
	GlobalSection(SolutionProperties) = preSolution
		HideSolutionNode = FALSE
	EndGlobalSection
	GlobalSection(ExtensibilityGlobals) = postSolution
		SolutionGuid = {37E5301C-DCA5-43A3-BC36-CC60280E1527}
	EndGlobalSection
EndGlobal
